// !$*UTF8*$!
{
	archiveVersion = 1;
	classes = {
	};
	objectVersion = 56;
	objects = {

/* Begin PBXBuildFile section */
		45A088112CEEA66A002D8A76 /* APIRoute.swift in Sources */ = {isa = PBXBuildFile; fileRef = 45A088102CEEA66A002D8A76 /* APIRoute.swift */; };
		45A088132CEEA998002D8A76 /* APIError.swift in Sources */ = {isa = PBXBuildFile; fileRef = 45A088122CEEA998002D8A76 /* APIError.swift */; };
		45A088152CEEA9B5002D8A76 /* APIClient.swift in Sources */ = {isa = PBXBuildFile; fileRef = 45A088142CEEA9B5002D8A76 /* APIClient.swift */; };
		45A088172CEED9B3002D8A76 /* Store.swift in Sources */ = {isa = PBXBuildFile; fileRef = 45A088162CEED9B3002D8A76 /* Store.swift */; };
		45E43CF12CECDFAD00D6AA00 /* ProfileViewController.swift in Sources */ = {isa = PBXBuildFile; fileRef = 45E43CF02CECDFAD00D6AA00 /* ProfileViewController.swift */; };
		D1334A382CED61A900B424A1 /* FavouritesViewController.swift in Sources */ = {isa = PBXBuildFile; fileRef = D1334A372CED61A900B424A1 /* FavouritesViewController.swift */; };
		D1334A3A2CED61C500B424A1 /* FavouritesPresenter.swift in Sources */ = {isa = PBXBuildFile; fileRef = D1334A392CED61C500B424A1 /* FavouritesPresenter.swift */; };
		D1A246742CEA6D91007DA613 /* AirbnbCereal_W_Bk.otf in Resources */ = {isa = PBXBuildFile; fileRef = D1A2466E2CEA6D90007DA613 /* AirbnbCereal_W_Bk.otf */; };
		D1A246752CEA6D91007DA613 /* AirbnbCereal_W_XBd.otf in Resources */ = {isa = PBXBuildFile; fileRef = D1A2466F2CEA6D90007DA613 /* AirbnbCereal_W_XBd.otf */; };
		D1A246762CEA6D91007DA613 /* AirbnbCereal_W_Lt.otf in Resources */ = {isa = PBXBuildFile; fileRef = D1A246702CEA6D91007DA613 /* AirbnbCereal_W_Lt.otf */; };
		D1A246772CEA6D91007DA613 /* AirbnbCereal_W_Bd.otf in Resources */ = {isa = PBXBuildFile; fileRef = D1A246712CEA6D91007DA613 /* AirbnbCereal_W_Bd.otf */; };
		D1A246782CEA6D91007DA613 /* AirbnbCereal_W_Md.otf in Resources */ = {isa = PBXBuildFile; fileRef = D1A246722CEA6D91007DA613 /* AirbnbCereal_W_Md.otf */; };
		D1A246792CEA6D91007DA613 /* AirbnbCereal_W_Blk.otf in Resources */ = {isa = PBXBuildFile; fileRef = D1A246732CEA6D91007DA613 /* AirbnbCereal_W_Blk.otf */; };
		D1A2467B2CEA7782007DA613 /* UIFont_Extension.swift in Sources */ = {isa = PBXBuildFile; fileRef = D1A2467A2CEA7782007DA613 /* UIFont_Extension.swift */; };
		D1B6D1D02CE9A7A00078BBA0 /* AppDelegate.swift in Sources */ = {isa = PBXBuildFile; fileRef = D1B6D1CF2CE9A7A00078BBA0 /* AppDelegate.swift */; };
		D1B6D1D22CE9A7A00078BBA0 /* SceneDelegate.swift in Sources */ = {isa = PBXBuildFile; fileRef = D1B6D1D12CE9A7A00078BBA0 /* SceneDelegate.swift */; };
		D1B6D1D42CE9A7A00078BBA0 /* ViewController.swift in Sources */ = {isa = PBXBuildFile; fileRef = D1B6D1D32CE9A7A00078BBA0 /* ViewController.swift */; };
		D1B6D1DA2CE9A7A00078BBA0 /* EventHubApp.xcdatamodeld in Sources */ = {isa = PBXBuildFile; fileRef = D1B6D1D82CE9A7A00078BBA0 /* EventHubApp.xcdatamodeld */; };
		D1B6D1DC2CE9A7A30078BBA0 /* Assets.xcassets in Resources */ = {isa = PBXBuildFile; fileRef = D1B6D1DB2CE9A7A30078BBA0 /* Assets.xcassets */; };
		D1B6D1DF2CE9A7A30078BBA0 /* LaunchScreen.storyboard in Resources */ = {isa = PBXBuildFile; fileRef = D1B6D1DD2CE9A7A30078BBA0 /* LaunchScreen.storyboard */; };
		D1B6D1E82CE9A8070078BBA0 /* UIColor_Extension.swift in Sources */ = {isa = PBXBuildFile; fileRef = D1B6D1E72CE9A8070078BBA0 /* UIColor_Extension.swift */; };
		D1B6D1EA2CE9A8710078BBA0 /* AppColors.swift in Sources */ = {isa = PBXBuildFile; fileRef = D1B6D1E92CE9A8700078BBA0 /* AppColors.swift */; };
		D1C97B3A2CEAF292007BB9A9 /* CustomBarBar.swift in Sources */ = {isa = PBXBuildFile; fileRef = D1C97B392CEAF292007BB9A9 /* CustomBarBar.swift */; };
		D1C97B3C2CEAF2C6007BB9A9 /* CustomTabBarController.swift in Sources */ = {isa = PBXBuildFile; fileRef = D1C97B3B2CEAF2C6007BB9A9 /* CustomTabBarController.swift */; };
		D1C97B3E2CEAF2EB007BB9A9 /* FavouriteButton.swift in Sources */ = {isa = PBXBuildFile; fileRef = D1C97B3D2CEAF2EB007BB9A9 /* FavouriteButton.swift */; };
/* End PBXBuildFile section */

/* Begin PBXFileReference section */
		45A088102CEEA66A002D8A76 /* APIRoute.swift */ = {isa = PBXFileReference; lastKnownFileType = sourcecode.swift; path = APIRoute.swift; sourceTree = "<group>"; };
		45A088122CEEA998002D8A76 /* APIError.swift */ = {isa = PBXFileReference; lastKnownFileType = sourcecode.swift; path = APIError.swift; sourceTree = "<group>"; };
		45A088142CEEA9B5002D8A76 /* APIClient.swift */ = {isa = PBXFileReference; lastKnownFileType = sourcecode.swift; path = APIClient.swift; sourceTree = "<group>"; };
		45A088162CEED9B3002D8A76 /* Store.swift */ = {isa = PBXFileReference; lastKnownFileType = sourcecode.swift; path = Store.swift; sourceTree = "<group>"; };
		45E43CF02CECDFAD00D6AA00 /* ProfileViewController.swift */ = {isa = PBXFileReference; lastKnownFileType = sourcecode.swift; path = ProfileViewController.swift; sourceTree = "<group>"; };
		D1334A372CED61A900B424A1 /* FavouritesViewController.swift */ = {isa = PBXFileReference; lastKnownFileType = sourcecode.swift; path = FavouritesViewController.swift; sourceTree = "<group>"; };
		D1334A392CED61C500B424A1 /* FavouritesPresenter.swift */ = {isa = PBXFileReference; lastKnownFileType = sourcecode.swift; path = FavouritesPresenter.swift; sourceTree = "<group>"; };
		D1A2466E2CEA6D90007DA613 /* AirbnbCereal_W_Bk.otf */ = {isa = PBXFileReference; lastKnownFileType = file; path = AirbnbCereal_W_Bk.otf; sourceTree = "<group>"; };
		D1A2466F2CEA6D90007DA613 /* AirbnbCereal_W_XBd.otf */ = {isa = PBXFileReference; lastKnownFileType = file; path = AirbnbCereal_W_XBd.otf; sourceTree = "<group>"; };
		D1A246702CEA6D91007DA613 /* AirbnbCereal_W_Lt.otf */ = {isa = PBXFileReference; lastKnownFileType = file; path = AirbnbCereal_W_Lt.otf; sourceTree = "<group>"; };
		D1A246712CEA6D91007DA613 /* AirbnbCereal_W_Bd.otf */ = {isa = PBXFileReference; lastKnownFileType = file; path = AirbnbCereal_W_Bd.otf; sourceTree = "<group>"; };
		D1A246722CEA6D91007DA613 /* AirbnbCereal_W_Md.otf */ = {isa = PBXFileReference; lastKnownFileType = file; path = AirbnbCereal_W_Md.otf; sourceTree = "<group>"; };
		D1A246732CEA6D91007DA613 /* AirbnbCereal_W_Blk.otf */ = {isa = PBXFileReference; lastKnownFileType = file; path = AirbnbCereal_W_Blk.otf; sourceTree = "<group>"; };
		D1A2467A2CEA7782007DA613 /* UIFont_Extension.swift */ = {isa = PBXFileReference; lastKnownFileType = sourcecode.swift; path = UIFont_Extension.swift; sourceTree = "<group>"; };
		D1B6D1CC2CE9A7A00078BBA0 /* EventHubApp.app */ = {isa = PBXFileReference; explicitFileType = wrapper.application; includeInIndex = 0; path = EventHubApp.app; sourceTree = BUILT_PRODUCTS_DIR; };
		D1B6D1CF2CE9A7A00078BBA0 /* AppDelegate.swift */ = {isa = PBXFileReference; lastKnownFileType = sourcecode.swift; path = AppDelegate.swift; sourceTree = "<group>"; };
		D1B6D1D12CE9A7A00078BBA0 /* SceneDelegate.swift */ = {isa = PBXFileReference; lastKnownFileType = sourcecode.swift; path = SceneDelegate.swift; sourceTree = "<group>"; };
		D1B6D1D32CE9A7A00078BBA0 /* ViewController.swift */ = {isa = PBXFileReference; lastKnownFileType = sourcecode.swift; path = ViewController.swift; sourceTree = "<group>"; };
		D1B6D1D92CE9A7A00078BBA0 /* EventHubApp.xcdatamodel */ = {isa = PBXFileReference; lastKnownFileType = wrapper.xcdatamodel; path = EventHubApp.xcdatamodel; sourceTree = "<group>"; };
		D1B6D1DB2CE9A7A30078BBA0 /* Assets.xcassets */ = {isa = PBXFileReference; lastKnownFileType = folder.assetcatalog; path = Assets.xcassets; sourceTree = "<group>"; };
		D1B6D1DE2CE9A7A30078BBA0 /* Base */ = {isa = PBXFileReference; lastKnownFileType = file.storyboard; name = Base; path = Base.lproj/LaunchScreen.storyboard; sourceTree = "<group>"; };
		D1B6D1E02CE9A7A30078BBA0 /* Info.plist */ = {isa = PBXFileReference; lastKnownFileType = text.plist.xml; path = Info.plist; sourceTree = "<group>"; };
		D1B6D1E72CE9A8070078BBA0 /* UIColor_Extension.swift */ = {isa = PBXFileReference; lastKnownFileType = sourcecode.swift; path = UIColor_Extension.swift; sourceTree = "<group>"; };
		D1B6D1E92CE9A8700078BBA0 /* AppColors.swift */ = {isa = PBXFileReference; lastKnownFileType = sourcecode.swift; path = AppColors.swift; sourceTree = "<group>"; };
		D1C97B392CEAF292007BB9A9 /* CustomBarBar.swift */ = {isa = PBXFileReference; lastKnownFileType = sourcecode.swift; path = CustomBarBar.swift; sourceTree = "<group>"; };
		D1C97B3B2CEAF2C6007BB9A9 /* CustomTabBarController.swift */ = {isa = PBXFileReference; lastKnownFileType = sourcecode.swift; path = CustomTabBarController.swift; sourceTree = "<group>"; };
		D1C97B3D2CEAF2EB007BB9A9 /* FavouriteButton.swift */ = {isa = PBXFileReference; lastKnownFileType = sourcecode.swift; path = FavouriteButton.swift; sourceTree = "<group>"; };
/* End PBXFileReference section */

/* Begin PBXFrameworksBuildPhase section */
		D1B6D1C92CE9A7A00078BBA0 /* Frameworks */ = {
			isa = PBXFrameworksBuildPhase;
			buildActionMask = 2147483647;
			files = (
			);
			runOnlyForDeploymentPostprocessing = 0;
		};
/* End PBXFrameworksBuildPhase section */

/* Begin PBXGroup section */
		45A088182CEEDA10002D8A76 /* Profile */ = {
			isa = PBXGroup;
			children = (
				45E43CF02CECDFAD00D6AA00 /* ProfileViewController.swift */,
			);
			path = Profile;
			sourceTree = "<group>";
		};
		45A088192CEEDA2C002D8A76 /* API */ = {
			isa = PBXGroup;
			children = (
				45A088102CEEA66A002D8A76 /* APIRoute.swift */,
				45A088122CEEA998002D8A76 /* APIError.swift */,
				45A088142CEEA9B5002D8A76 /* APIClient.swift */,
			);
			path = API;
			sourceTree = "<group>";
		};
		D1334A362CED611E00B424A1 /* FavouritesScreen */ = {
			isa = PBXGroup;
			children = (
				D1334A372CED61A900B424A1 /* FavouritesViewController.swift */,
				D1334A392CED61C500B424A1 /* FavouritesPresenter.swift */,
			);
			path = FavouritesScreen;
			sourceTree = "<group>";
		};
		D1A2466D2CEA6D7C007DA613 /* Fonts */ = {
			isa = PBXGroup;
			children = (
				D1A246712CEA6D91007DA613 /* AirbnbCereal_W_Bd.otf */,
				D1A2466E2CEA6D90007DA613 /* AirbnbCereal_W_Bk.otf */,
				D1A246732CEA6D91007DA613 /* AirbnbCereal_W_Blk.otf */,
				D1A246702CEA6D91007DA613 /* AirbnbCereal_W_Lt.otf */,
				D1A246722CEA6D91007DA613 /* AirbnbCereal_W_Md.otf */,
				D1A2466F2CEA6D90007DA613 /* AirbnbCereal_W_XBd.otf */,
			);
			path = Fonts;
			sourceTree = "<group>";
		};
		D1B6D1C32CE9A7A00078BBA0 = {
			isa = PBXGroup;
			children = (
				D1B6D1CE2CE9A7A00078BBA0 /* EventHubApp */,
				D1B6D1CD2CE9A7A00078BBA0 /* Products */,
			);
			sourceTree = "<group>";
		};
		D1B6D1CD2CE9A7A00078BBA0 /* Products */ = {
			isa = PBXGroup;
			children = (
				D1B6D1CC2CE9A7A00078BBA0 /* EventHubApp.app */,
			);
			name = Products;
			sourceTree = "<group>";
		};
		D1B6D1CE2CE9A7A00078BBA0 /* EventHubApp */ = {
			isa = PBXGroup;
			children = (
				D1C97B382CEAF213007BB9A9 /* TabBar */,
				D1B6D1E62CE9A7E70078BBA0 /* Extensions */,
				D1B6D1EB2CE9AE1A0078BBA0 /* Resources */,
				D1B6D1EC2CE9AE370078BBA0 /* Supporting */,
				D1B6D1ED2CE9AE720078BBA0 /* Screens */,
				D1B6D1E02CE9A7A30078BBA0 /* Info.plist */,
				D1B6D1D82CE9A7A00078BBA0 /* EventHubApp.xcdatamodeld */,
				45A088192CEEDA2C002D8A76 /* API */,
			);
			path = EventHubApp;
			sourceTree = "<group>";
		};
		D1B6D1E62CE9A7E70078BBA0 /* Extensions */ = {
			isa = PBXGroup;
			children = (
				D1B6D1E72CE9A8070078BBA0 /* UIColor_Extension.swift */,
				D1A2467A2CEA7782007DA613 /* UIFont_Extension.swift */,
			);
			path = Extensions;
			sourceTree = "<group>";
		};
		D1B6D1EB2CE9AE1A0078BBA0 /* Resources */ = {
			isa = PBXGroup;
			children = (
				D1A2466D2CEA6D7C007DA613 /* Fonts */,
				D1B6D1E92CE9A8700078BBA0 /* AppColors.swift */,
				D1B6D1DB2CE9A7A30078BBA0 /* Assets.xcassets */,
			);
			path = Resources;
			sourceTree = "<group>";
		};
		D1B6D1EC2CE9AE370078BBA0 /* Supporting */ = {
			isa = PBXGroup;
			children = (
				45A088162CEED9B3002D8A76 /* Store.swift */,
				D1B6D1D12CE9A7A00078BBA0 /* SceneDelegate.swift */,
				D1B6D1CF2CE9A7A00078BBA0 /* AppDelegate.swift */,
				D1B6D1DD2CE9A7A30078BBA0 /* LaunchScreen.storyboard */,
			);
			path = Supporting;
			sourceTree = "<group>";
		};
		D1B6D1ED2CE9AE720078BBA0 /* Screens */ = {
			isa = PBXGroup;
			children = (
				D1334A362CED611E00B424A1 /* FavouritesScreen */,
				D1B6D1D32CE9A7A00078BBA0 /* ViewController.swift */,
				45A088182CEEDA10002D8A76 /* Profile */,
			);
			path = Screens;
			sourceTree = "<group>";
		};
		D1C97B382CEAF213007BB9A9 /* TabBar */ = {
			isa = PBXGroup;
			children = (
				D1C97B392CEAF292007BB9A9 /* CustomBarBar.swift */,
				D1C97B3B2CEAF2C6007BB9A9 /* CustomTabBarController.swift */,
				D1C97B3D2CEAF2EB007BB9A9 /* FavouriteButton.swift */,
			);
			path = TabBar;
			sourceTree = "<group>";
		};
/* End PBXGroup section */

/* Begin PBXNativeTarget section */
		D1B6D1CB2CE9A7A00078BBA0 /* EventHubApp */ = {
			isa = PBXNativeTarget;
			buildConfigurationList = D1B6D1E32CE9A7A30078BBA0 /* Build configuration list for PBXNativeTarget "EventHubApp" */;
			buildPhases = (
				D1B6D1C82CE9A7A00078BBA0 /* Sources */,
				D1B6D1C92CE9A7A00078BBA0 /* Frameworks */,
				D1B6D1CA2CE9A7A00078BBA0 /* Resources */,
			);
			buildRules = (
			);
			dependencies = (
			);
			name = EventHubApp;
			productName = EventHubApp;
			productReference = D1B6D1CC2CE9A7A00078BBA0 /* EventHubApp.app */;
			productType = "com.apple.product-type.application";
		};
/* End PBXNativeTarget section */

/* Begin PBXProject section */
		D1B6D1C42CE9A7A00078BBA0 /* Project object */ = {
			isa = PBXProject;
			attributes = {
				BuildIndependentTargetsInParallel = 1;
				LastSwiftUpdateCheck = 1420;
				LastUpgradeCheck = 1420;
				TargetAttributes = {
					D1B6D1CB2CE9A7A00078BBA0 = {
						CreatedOnToolsVersion = 14.2;
					};
				};
			};
			buildConfigurationList = D1B6D1C72CE9A7A00078BBA0 /* Build configuration list for PBXProject "EventHubApp" */;
			compatibilityVersion = "Xcode 14.0";
			developmentRegion = en;
			hasScannedForEncodings = 0;
			knownRegions = (
				en,
				Base,
			);
			mainGroup = D1B6D1C32CE9A7A00078BBA0;
			productRefGroup = D1B6D1CD2CE9A7A00078BBA0 /* Products */;
			projectDirPath = "";
			projectRoot = "";
			targets = (
				D1B6D1CB2CE9A7A00078BBA0 /* EventHubApp */,
			);
		};
/* End PBXProject section */

/* Begin PBXResourcesBuildPhase section */
		D1B6D1CA2CE9A7A00078BBA0 /* Resources */ = {
			isa = PBXResourcesBuildPhase;
			buildActionMask = 2147483647;
			files = (
				D1A246742CEA6D91007DA613 /* AirbnbCereal_W_Bk.otf in Resources */,
				D1A246782CEA6D91007DA613 /* AirbnbCereal_W_Md.otf in Resources */,
				D1B6D1DF2CE9A7A30078BBA0 /* LaunchScreen.storyboard in Resources */,
				D1A246762CEA6D91007DA613 /* AirbnbCereal_W_Lt.otf in Resources */,
				D1A246772CEA6D91007DA613 /* AirbnbCereal_W_Bd.otf in Resources */,
				D1A246792CEA6D91007DA613 /* AirbnbCereal_W_Blk.otf in Resources */,
				D1A246752CEA6D91007DA613 /* AirbnbCereal_W_XBd.otf in Resources */,
				D1B6D1DC2CE9A7A30078BBA0 /* Assets.xcassets in Resources */,
			);
			runOnlyForDeploymentPostprocessing = 0;
		};
/* End PBXResourcesBuildPhase section */

/* Begin PBXSourcesBuildPhase section */
		D1B6D1C82CE9A7A00078BBA0 /* Sources */ = {
			isa = PBXSourcesBuildPhase;
			buildActionMask = 2147483647;
			files = (
				D1334A382CED61A900B424A1 /* FavouritesViewController.swift in Sources */,
				D1B6D1D42CE9A7A00078BBA0 /* ViewController.swift in Sources */,
				D1B6D1D02CE9A7A00078BBA0 /* AppDelegate.swift in Sources */,
				45A088152CEEA9B5002D8A76 /* APIClient.swift in Sources */,
				D1C97B3A2CEAF292007BB9A9 /* CustomBarBar.swift in Sources */,
				D1B6D1DA2CE9A7A00078BBA0 /* EventHubApp.xcdatamodeld in Sources */,
				D1A2467B2CEA7782007DA613 /* UIFont_Extension.swift in Sources */,
				D1C97B3E2CEAF2EB007BB9A9 /* FavouriteButton.swift in Sources */,
				45E43CF12CECDFAD00D6AA00 /* ProfileViewController.swift in Sources */,
				45A088132CEEA998002D8A76 /* APIError.swift in Sources */,
				45A088172CEED9B3002D8A76 /* Store.swift in Sources */,
				D1B6D1EA2CE9A8710078BBA0 /* AppColors.swift in Sources */,
				D1B6D1D22CE9A7A00078BBA0 /* SceneDelegate.swift in Sources */,
				45A088112CEEA66A002D8A76 /* APIRoute.swift in Sources */,
				D1B6D1E82CE9A8070078BBA0 /* UIColor_Extension.swift in Sources */,
				D1C97B3C2CEAF2C6007BB9A9 /* CustomTabBarController.swift in Sources */,
				D1334A3A2CED61C500B424A1 /* FavouritesPresenter.swift in Sources */,
			);
			runOnlyForDeploymentPostprocessing = 0;
		};
/* End PBXSourcesBuildPhase section */

/* Begin PBXVariantGroup section */
		D1B6D1DD2CE9A7A30078BBA0 /* LaunchScreen.storyboard */ = {
			isa = PBXVariantGroup;
			children = (
				D1B6D1DE2CE9A7A30078BBA0 /* Base */,
			);
			name = LaunchScreen.storyboard;
			sourceTree = "<group>";
		};
/* End PBXVariantGroup section */

/* Begin XCBuildConfiguration section */
		D1B6D1E12CE9A7A30078BBA0 /* Debug */ = {
			isa = XCBuildConfiguration;
			buildSettings = {
				ALWAYS_SEARCH_USER_PATHS = NO;
				CLANG_ANALYZER_NONNULL = YES;
				CLANG_ANALYZER_NUMBER_OBJECT_CONVERSION = YES_AGGRESSIVE;
				CLANG_CXX_LANGUAGE_STANDARD = "gnu++20";
				CLANG_ENABLE_MODULES = YES;
				CLANG_ENABLE_OBJC_ARC = YES;
				CLANG_ENABLE_OBJC_WEAK = YES;
				CLANG_WARN_BLOCK_CAPTURE_AUTORELEASING = YES;
				CLANG_WARN_BOOL_CONVERSION = YES;
				CLANG_WARN_COMMA = YES;
				CLANG_WARN_CONSTANT_CONVERSION = YES;
				CLANG_WARN_DEPRECATED_OBJC_IMPLEMENTATIONS = YES;
				CLANG_WARN_DIRECT_OBJC_ISA_USAGE = YES_ERROR;
				CLANG_WARN_DOCUMENTATION_COMMENTS = YES;
				CLANG_WARN_EMPTY_BODY = YES;
				CLANG_WARN_ENUM_CONVERSION = YES;
				CLANG_WARN_INFINITE_RECURSION = YES;
				CLANG_WARN_INT_CONVERSION = YES;
				CLANG_WARN_NON_LITERAL_NULL_CONVERSION = YES;
				CLANG_WARN_OBJC_IMPLICIT_RETAIN_SELF = YES;
				CLANG_WARN_OBJC_LITERAL_CONVERSION = YES;
				CLANG_WARN_OBJC_ROOT_CLASS = YES_ERROR;
				CLANG_WARN_QUOTED_INCLUDE_IN_FRAMEWORK_HEADER = YES;
				CLANG_WARN_RANGE_LOOP_ANALYSIS = YES;
				CLANG_WARN_STRICT_PROTOTYPES = YES;
				CLANG_WARN_SUSPICIOUS_MOVE = YES;
				CLANG_WARN_UNGUARDED_AVAILABILITY = YES_AGGRESSIVE;
				CLANG_WARN_UNREACHABLE_CODE = YES;
				CLANG_WARN__DUPLICATE_METHOD_MATCH = YES;
				COPY_PHASE_STRIP = NO;
				DEBUG_INFORMATION_FORMAT = dwarf;
				ENABLE_STRICT_OBJC_MSGSEND = YES;
				ENABLE_TESTABILITY = YES;
				GCC_C_LANGUAGE_STANDARD = gnu11;
				GCC_DYNAMIC_NO_PIC = NO;
				GCC_NO_COMMON_BLOCKS = YES;
				GCC_OPTIMIZATION_LEVEL = 0;
				GCC_PREPROCESSOR_DEFINITIONS = (
					"DEBUG=1",
					"$(inherited)",
				);
				GCC_WARN_64_TO_32_BIT_CONVERSION = YES;
				GCC_WARN_ABOUT_RETURN_TYPE = YES_ERROR;
				GCC_WARN_UNDECLARED_SELECTOR = YES;
				GCC_WARN_UNINITIALIZED_AUTOS = YES_AGGRESSIVE;
				GCC_WARN_UNUSED_FUNCTION = YES;
				GCC_WARN_UNUSED_VARIABLE = YES;
				IPHONEOS_DEPLOYMENT_TARGET = 16.2;
				MTL_ENABLE_DEBUG_INFO = INCLUDE_SOURCE;
				MTL_FAST_MATH = YES;
				ONLY_ACTIVE_ARCH = YES;
				SDKROOT = iphoneos;
				SWIFT_ACTIVE_COMPILATION_CONDITIONS = DEBUG;
				SWIFT_OPTIMIZATION_LEVEL = "-Onone";
			};
			name = Debug;
		};
		D1B6D1E22CE9A7A30078BBA0 /* Release */ = {
			isa = XCBuildConfiguration;
			buildSettings = {
				ALWAYS_SEARCH_USER_PATHS = NO;
				CLANG_ANALYZER_NONNULL = YES;
				CLANG_ANALYZER_NUMBER_OBJECT_CONVERSION = YES_AGGRESSIVE;
				CLANG_CXX_LANGUAGE_STANDARD = "gnu++20";
				CLANG_ENABLE_MODULES = YES;
				CLANG_ENABLE_OBJC_ARC = YES;
				CLANG_ENABLE_OBJC_WEAK = YES;
				CLANG_WARN_BLOCK_CAPTURE_AUTORELEASING = YES;
				CLANG_WARN_BOOL_CONVERSION = YES;
				CLANG_WARN_COMMA = YES;
				CLANG_WARN_CONSTANT_CONVERSION = YES;
				CLANG_WARN_DEPRECATED_OBJC_IMPLEMENTATIONS = YES;
				CLANG_WARN_DIRECT_OBJC_ISA_USAGE = YES_ERROR;
				CLANG_WARN_DOCUMENTATION_COMMENTS = YES;
				CLANG_WARN_EMPTY_BODY = YES;
				CLANG_WARN_ENUM_CONVERSION = YES;
				CLANG_WARN_INFINITE_RECURSION = YES;
				CLANG_WARN_INT_CONVERSION = YES;
				CLANG_WARN_NON_LITERAL_NULL_CONVERSION = YES;
				CLANG_WARN_OBJC_IMPLICIT_RETAIN_SELF = YES;
				CLANG_WARN_OBJC_LITERAL_CONVERSION = YES;
				CLANG_WARN_OBJC_ROOT_CLASS = YES_ERROR;
				CLANG_WARN_QUOTED_INCLUDE_IN_FRAMEWORK_HEADER = YES;
				CLANG_WARN_RANGE_LOOP_ANALYSIS = YES;
				CLANG_WARN_STRICT_PROTOTYPES = YES;
				CLANG_WARN_SUSPICIOUS_MOVE = YES;
				CLANG_WARN_UNGUARDED_AVAILABILITY = YES_AGGRESSIVE;
				CLANG_WARN_UNREACHABLE_CODE = YES;
				CLANG_WARN__DUPLICATE_METHOD_MATCH = YES;
				COPY_PHASE_STRIP = NO;
				DEBUG_INFORMATION_FORMAT = "dwarf-with-dsym";
				ENABLE_NS_ASSERTIONS = NO;
				ENABLE_STRICT_OBJC_MSGSEND = YES;
				GCC_C_LANGUAGE_STANDARD = gnu11;
				GCC_NO_COMMON_BLOCKS = YES;
				GCC_WARN_64_TO_32_BIT_CONVERSION = YES;
				GCC_WARN_ABOUT_RETURN_TYPE = YES_ERROR;
				GCC_WARN_UNDECLARED_SELECTOR = YES;
				GCC_WARN_UNINITIALIZED_AUTOS = YES_AGGRESSIVE;
				GCC_WARN_UNUSED_FUNCTION = YES;
				GCC_WARN_UNUSED_VARIABLE = YES;
				IPHONEOS_DEPLOYMENT_TARGET = 16.2;
				MTL_ENABLE_DEBUG_INFO = NO;
				MTL_FAST_MATH = YES;
				SDKROOT = iphoneos;
				SWIFT_COMPILATION_MODE = wholemodule;
				SWIFT_OPTIMIZATION_LEVEL = "-O";
				VALIDATE_PRODUCT = YES;
			};
			name = Release;
		};
		D1B6D1E42CE9A7A30078BBA0 /* Debug */ = {
			isa = XCBuildConfiguration;
			buildSettings = {
				ASSETCATALOG_COMPILER_APPICON_NAME = AppIcon;
				ASSETCATALOG_COMPILER_GLOBAL_ACCENT_COLOR_NAME = AccentColor;
				CODE_SIGN_STYLE = Automatic;
				CURRENT_PROJECT_VERSION = 1;
				DEVELOPMENT_TEAM = GNG4B9AY27;
				GENERATE_INFOPLIST_FILE = YES;
				INFOPLIST_FILE = EventHubApp/Info.plist;
				INFOPLIST_KEY_UIApplicationSupportsIndirectInputEvents = YES;
				INFOPLIST_KEY_UILaunchStoryboardName = LaunchScreen;
				INFOPLIST_KEY_UISupportedInterfaceOrientations_iPad = "UIInterfaceOrientationPortrait UIInterfaceOrientationPortraitUpsideDown UIInterfaceOrientationLandscapeLeft UIInterfaceOrientationLandscapeRight";
				INFOPLIST_KEY_UISupportedInterfaceOrientations_iPhone = "UIInterfaceOrientationPortrait UIInterfaceOrientationLandscapeLeft UIInterfaceOrientationLandscapeRight";
				IPHONEOS_DEPLOYMENT_TARGET = 15.0;
				LD_RUNPATH_SEARCH_PATHS = (
					"$(inherited)",
					"@executable_path/Frameworks",
				);
				MARKETING_VERSION = 1.0;
				PRODUCT_BUNDLE_IDENTIFIER = com.Dmitry.eventHubApp.EventHubApp;
				PRODUCT_NAME = "$(TARGET_NAME)";
				SUPPORTED_PLATFORMS = "iphoneos iphonesimulator";
				SUPPORTS_MACCATALYST = NO;
				SUPPORTS_MAC_DESIGNED_FOR_IPHONE_IPAD = NO;
				SWIFT_EMIT_LOC_STRINGS = YES;
				SWIFT_VERSION = 5.0;
				TARGETED_DEVICE_FAMILY = 1;
			};
			name = Debug;
		};
		D1B6D1E52CE9A7A30078BBA0 /* Release */ = {
			isa = XCBuildConfiguration;
			buildSettings = {
				ASSETCATALOG_COMPILER_APPICON_NAME = AppIcon;
				ASSETCATALOG_COMPILER_GLOBAL_ACCENT_COLOR_NAME = AccentColor;
				CODE_SIGN_STYLE = Automatic;
				CURRENT_PROJECT_VERSION = 1;
				DEVELOPMENT_TEAM = GNG4B9AY27;
				GENERATE_INFOPLIST_FILE = YES;
				INFOPLIST_FILE = EventHubApp/Info.plist;
				INFOPLIST_KEY_UIApplicationSupportsIndirectInputEvents = YES;
				INFOPLIST_KEY_UILaunchStoryboardName = LaunchScreen;
				INFOPLIST_KEY_UISupportedInterfaceOrientations_iPad = "UIInterfaceOrientationPortrait UIInterfaceOrientationPortraitUpsideDown UIInterfaceOrientationLandscapeLeft UIInterfaceOrientationLandscapeRight";
				INFOPLIST_KEY_UISupportedInterfaceOrientations_iPhone = "UIInterfaceOrientationPortrait UIInterfaceOrientationLandscapeLeft UIInterfaceOrientationLandscapeRight";
				IPHONEOS_DEPLOYMENT_TARGET = 15.0;
				LD_RUNPATH_SEARCH_PATHS = (
					"$(inherited)",
					"@executable_path/Frameworks",
				);
				MARKETING_VERSION = 1.0;
				PRODUCT_BUNDLE_IDENTIFIER = com.Dmitry.eventHubApp.EventHubApp;
				PRODUCT_NAME = "$(TARGET_NAME)";
				SUPPORTED_PLATFORMS = "iphoneos iphonesimulator";
				SUPPORTS_MACCATALYST = NO;
				SUPPORTS_MAC_DESIGNED_FOR_IPHONE_IPAD = NO;
				SWIFT_EMIT_LOC_STRINGS = YES;
				SWIFT_VERSION = 5.0;
				TARGETED_DEVICE_FAMILY = 1;
			};
			name = Release;
		};
/* End XCBuildConfiguration section */

/* Begin XCConfigurationList section */
		D1B6D1C72CE9A7A00078BBA0 /* Build configuration list for PBXProject "EventHubApp" */ = {
			isa = XCConfigurationList;
			buildConfigurations = (
				D1B6D1E12CE9A7A30078BBA0 /* Debug */,
				D1B6D1E22CE9A7A30078BBA0 /* Release */,
			);
			defaultConfigurationIsVisible = 0;
			defaultConfigurationName = Release;
		};
		D1B6D1E32CE9A7A30078BBA0 /* Build configuration list for PBXNativeTarget "EventHubApp" */ = {
			isa = XCConfigurationList;
			buildConfigurations = (
				D1B6D1E42CE9A7A30078BBA0 /* Debug */,
				D1B6D1E52CE9A7A30078BBA0 /* Release */,
			);
			defaultConfigurationIsVisible = 0;
			defaultConfigurationName = Release;
		};
/* End XCConfigurationList section */

/* Begin XCVersionGroup section */
		D1B6D1D82CE9A7A00078BBA0 /* EventHubApp.xcdatamodeld */ = {
			isa = XCVersionGroup;
			children = (
				D1B6D1D92CE9A7A00078BBA0 /* EventHubApp.xcdatamodel */,
			);
			currentVersion = D1B6D1D92CE9A7A00078BBA0 /* EventHubApp.xcdatamodel */;
			path = EventHubApp.xcdatamodeld;
			sourceTree = "<group>";
			versionGroupType = wrapper.xcdatamodel;
		};
/* End XCVersionGroup section */
	};
	rootObject = D1B6D1C42CE9A7A00078BBA0 /* Project object */;
}
